
Microsoft Visual Studio Solution File, Format Version 12.00
# Visual Studio Version 16
VisualStudioVersion = 16.0.29613.14
MinimumVisualStudioVersion = 10.0.40219.1
Project("{FAE04EC0-301F-11D3-BF4B-00C04F79EFBC}") = "BankingApplication", "BankingApplication\BankingApplication.csproj", "{6B5C58BA-8E89-4546-B981-29939E88DF3F}"
EndProject
Global
	GlobalSection(SolutionConfigurationPlatforms) = preSolution
		Debug|Any CPU = Debug|Any CPU
		Release|Any CPU = Release|Any CPU
	EndGlobalSection
	GlobalSection(ProjectConfigurationPlatforms) = postSolution
		{6B5C58BA-8E89-4546-B981-29939E88DF3F}.Debug|Any CPU.ActiveCfg = Debug|Any CPU
		{6B5C58BA-8E89-4546-B981-29939E88DF3F}.Debug|Any CPU.Build.0 = Debug|Any CPU
		{6B5C58BA-8E89-4546-B981-29939E88DF3F}.Release|Any CPU.ActiveCfg = Release|Any CPU
		{6B5C58BA-8E89-4546-B981-29939E88DF3F}.Release|Any CPU.Build.0 = Release|Any CPU
	EndGlobalSection
	GlobalSection(SolutionProperties) = preSolution
		HideSolutionNode = FALSE
	EndGlobalSection
	GlobalSection(ExtensibilityGlobals) = postSolution
		SolutionGuid = {D85B0742-B388-43EF-8168-A4FFD7F02684}
	EndGlobalSection
EndGlobal
